
Microsoft Visual Studio Solution File, Format Version 12.00
# Visual Studio Version 17
VisualStudioVersion = 17.2.32630.192
MinimumVisualStudioVersion = 10.0.40219.1
Project("{FAE04EC0-301F-11D3-BF4B-00C04F79EFBC}") = "YY.MSACormmerce.PortalProject", "YY.MSACormmerce.PortalProject\YY.MSACormmerce.PortalProject.csproj", "{85FCFA26-011C-4C6C-A45D-019D12389D39}"
EndProject
Project("{9A19103F-16F7-4668-BE54-9A1E7A4F7556}") = "YY.MSACommerce.UserMicroService", "YY.MSACommerce.UserMicroservice\YY.MSACommerce.UserMicroService.csproj", "{A92CFF58-48F7-4092-AD33-AF515D6E00A4}"
EndProject
Project("{2150E333-8FDC-42A3-9474-1A3956D46DE8}") = "BackGround", "BackGround", "{B0B0C84B-6A43-4E1B-AB21-5345EEFCEAB4}"
EndProject
Project("{2150E333-8FDC-42A3-9474-1A3956D46DE8}") = "Client", "Client", "{27370BEA-C956-4FD8-BDF6-2AF1FC843C94}"
EndProject
Project("{2150E333-8FDC-42A3-9474-1A3956D46DE8}") = "Domain", "Domain", "{CAFBAA2D-9A34-4C98-86FB-E49C586B43CE}"
EndProject
Project("{2150E333-8FDC-42A3-9474-1A3956D46DE8}") = "MicroService", "MicroService", "{2E3BAE22-27B6-4013-9156-22A5B3BE6899}"
EndProject
Project("{2150E333-8FDC-42A3-9474-1A3956D46DE8}") = "Infrastructure", "Infrastructure", "{34A8C7A9-706D-404D-8F10-73223DD3EA57}"
EndProject
Project("{9A19103F-16F7-4668-BE54-9A1E7A4F7556}") = "YY.Log4net.Kafka.Core", "YY.Log4net.Kafka.Core\YY.Log4net.Kafka.Core.csproj", "{0B14CD84-0D15-40C7-A9A5-A91CA643BCE2}"
EndProject
Project("{9A19103F-16F7-4668-BE54-9A1E7A4F7556}") = "YY.AgileFramework.Common", "YY.AgileFramework.Common\YY.AgileFramework.Common.csproj", "{07D1BB7D-F882-416B-9E96-499D10DAD769}"
EndProject
Project("{9A19103F-16F7-4668-BE54-9A1E7A4F7556}") = "YY.AgileFramework.Core", "YY.AgileFramework.Core\YY.AgileFramework.Core.csproj", "{BF6A4E31-E567-4D81-B061-9BA239F0ED82}"
EndProject
Project("{9A19103F-16F7-4668-BE54-9A1E7A4F7556}") = "YY.AgileFramework.WebCore", "YY.AgileFramework.WebCore\YY.AgileFramework.WebCore.csproj", "{3BD9CAAB-21B6-4076-AE20-9B3FCC0F8E33}"
EndProject
Project("{9A19103F-16F7-4668-BE54-9A1E7A4F7556}") = "YY.AgileFramework.WechatPayCore", "YY.AgileFramework.WechatPayCore\YY.AgileFramework.WechatPayCore.csproj", "{85390A32-698F-4ABA-971F-19A7704BE44A}"
EndProject
Project("{9A19103F-16F7-4668-BE54-9A1E7A4F7556}") = "YY.MSACommerce.DTOModel", "YY.MSACommerce.DTOModel\YY.MSACommerce.DTOModel.csproj", "{B46F1B5D-7735-4054-B739-3E5633545C82}"
EndProject
Project("{9A19103F-16F7-4668-BE54-9A1E7A4F7556}") = "YY.MSACommerce.Interface", "YY.MSACommerce.Interface\YY.MSACommerce.Interface.csproj", "{EECF2BEF-705B-47B3-B9EF-CB67AFE3D052}"
EndProject
Project("{9A19103F-16F7-4668-BE54-9A1E7A4F7556}") = "YY.MSACommerce.Model", "YY.MSACommerce.Model\YY.MSACommerce.Model.csproj", "{CB1A99C9-56C5-46DD-9F06-51797C6EC605}"
EndProject
Project("{9A19103F-16F7-4668-BE54-9A1E7A4F7556}") = "YY.MSACommerce.Service", "YY.MSACommerce.Service\YY.MSACommerce.Service.csproj", "{0C90694C-53E7-4B4C-AAE8-FEF5D7A7E867}"
EndProject
Project("{9A19103F-16F7-4668-BE54-9A1E7A4F7556}") = "YY.MSACormmerce.OcelotGateway", "YY.MSACormmerce.OcelotGateway\YY.MSACormmerce.OcelotGateway.csproj", "{C072A92D-5525-4E81-B131-35E351CFC459}"
EndProject
Project("{9A19103F-16F7-4668-BE54-9A1E7A4F7556}") = "YY.MSACommerce.AuthenticationCenter", "YY.MSACommerce.AuthenticationCenter\YY.MSACommerce.AuthenticationCenter.csproj", "{A8D15233-631E-4103-B047-1954E87C4EF0}"
EndProject
Global
	GlobalSection(SolutionConfigurationPlatforms) = preSolution
		Debug|Any CPU = Debug|Any CPU
		Release|Any CPU = Release|Any CPU
	EndGlobalSection
	GlobalSection(ProjectConfigurationPlatforms) = postSolution
		{85FCFA26-011C-4C6C-A45D-019D12389D39}.Debug|Any CPU.ActiveCfg = Debug|Any CPU
		{85FCFA26-011C-4C6C-A45D-019D12389D39}.Debug|Any CPU.Build.0 = Debug|Any CPU
		{85FCFA26-011C-4C6C-A45D-019D12389D39}.Release|Any CPU.ActiveCfg = Release|Any CPU
		{85FCFA26-011C-4C6C-A45D-019D12389D39}.Release|Any CPU.Build.0 = Release|Any CPU
		{A92CFF58-48F7-4092-AD33-AF515D6E00A4}.Debug|Any CPU.ActiveCfg = Debug|Any CPU
		{A92CFF58-48F7-4092-AD33-AF515D6E00A4}.Debug|Any CPU.Build.0 = Debug|Any CPU
		{A92CFF58-48F7-4092-AD33-AF515D6E00A4}.Release|Any CPU.ActiveCfg = Release|Any CPU
		{A92CFF58-48F7-4092-AD33-AF515D6E00A4}.Release|Any CPU.Build.0 = Release|Any CPU
		{0B14CD84-0D15-40C7-A9A5-A91CA643BCE2}.Debug|Any CPU.ActiveCfg = Debug|Any CPU
		{0B14CD84-0D15-40C7-A9A5-A91CA643BCE2}.Debug|Any CPU.Build.0 = Debug|Any CPU
		{0B14CD84-0D15-40C7-A9A5-A91CA643BCE2}.Release|Any CPU.ActiveCfg = Release|Any CPU
		{0B14CD84-0D15-40C7-A9A5-A91CA643BCE2}.Release|Any CPU.Build.0 = Release|Any CPU
		{07D1BB7D-F882-416B-9E96-499D10DAD769}.Debug|Any CPU.ActiveCfg = Debug|Any CPU
		{07D1BB7D-F882-416B-9E96-499D10DAD769}.Debug|Any CPU.Build.0 = Debug|Any CPU
		{07D1BB7D-F882-416B-9E96-499D10DAD769}.Release|Any CPU.ActiveCfg = Release|Any CPU
		{07D1BB7D-F882-416B-9E96-499D10DAD769}.Release|Any CPU.Build.0 = Release|Any CPU
		{BF6A4E31-E567-4D81-B061-9BA239F0ED82}.Debug|Any CPU.ActiveCfg = Debug|Any CPU
		{BF6A4E31-E567-4D81-B061-9BA239F0ED82}.Debug|Any CPU.Build.0 = Debug|Any CPU
		{BF6A4E31-E567-4D81-B061-9BA239F0ED82}.Release|Any CPU.ActiveCfg = Release|Any CPU
		{BF6A4E31-E567-4D81-B061-9BA239F0ED82}.Release|Any CPU.Build.0 = Release|Any CPU
		{3BD9CAAB-21B6-4076-AE20-9B3FCC0F8E33}.Debug|Any CPU.ActiveCfg = Debug|Any CPU
		{3BD9CAAB-21B6-4076-AE20-9B3FCC0F8E33}.Debug|Any CPU.Build.0 = Debug|Any CPU
		{3BD9CAAB-21B6-4076-AE20-9B3FCC0F8E33}.Release|Any CPU.ActiveCfg = Release|Any CPU
		{3BD9CAAB-21B6-4076-AE20-9B3FCC0F8E33}.Release|Any CPU.Build.0 = Release|Any CPU
		{85390A32-698F-4ABA-971F-19A7704BE44A}.Debug|Any CPU.ActiveCfg = Debug|Any CPU
		{85390A32-698F-4ABA-971F-19A7704BE44A}.Debug|Any CPU.Build.0 = Debug|Any CPU
		{85390A32-698F-4ABA-971F-19A7704BE44A}.Release|Any CPU.ActiveCfg = Release|Any CPU
		{85390A32-698F-4ABA-971F-19A7704BE44A}.Release|Any CPU.Build.0 = Release|Any CPU
		{B46F1B5D-7735-4054-B739-3E5633545C82}.Debug|Any CPU.ActiveCfg = Debug|Any CPU
		{B46F1B5D-7735-4054-B739-3E5633545C82}.Debug|Any CPU.Build.0 = Debug|Any CPU
		{B46F1B5D-7735-4054-B739-3E5633545C82}.Release|Any CPU.ActiveCfg = Release|Any CPU
		{B46F1B5D-7735-4054-B739-3E5633545C82}.Release|Any CPU.Build.0 = Release|Any CPU
		{EECF2BEF-705B-47B3-B9EF-CB67AFE3D052}.Debug|Any CPU.ActiveCfg = Debug|Any CPU
		{EECF2BEF-705B-47B3-B9EF-CB67AFE3D052}.Debug|Any CPU.Build.0 = Debug|Any CPU
		{EECF2BEF-705B-47B3-B9EF-CB67AFE3D052}.Release|Any CPU.ActiveCfg = Release|Any CPU
		{EECF2BEF-705B-47B3-B9EF-CB67AFE3D052}.Release|Any CPU.Build.0 = Release|Any CPU
		{CB1A99C9-56C5-46DD-9F06-51797C6EC605}.Debug|Any CPU.ActiveCfg = Debug|Any CPU
		{CB1A99C9-56C5-46DD-9F06-51797C6EC605}.Debug|Any CPU.Build.0 = Debug|Any CPU
		{CB1A99C9-56C5-46DD-9F06-51797C6EC605}.Release|Any CPU.ActiveCfg = Release|Any CPU
		{CB1A99C9-56C5-46DD-9F06-51797C6EC605}.Release|Any CPU.Build.0 = Release|Any CPU
		{0C90694C-53E7-4B4C-AAE8-FEF5D7A7E867}.Debug|Any CPU.ActiveCfg = Debug|Any CPU
		{0C90694C-53E7-4B4C-AAE8-FEF5D7A7E867}.Debug|Any CPU.Build.0 = Debug|Any CPU
		{0C90694C-53E7-4B4C-AAE8-FEF5D7A7E867}.Release|Any CPU.ActiveCfg = Release|Any CPU
		{0C90694C-53E7-4B4C-AAE8-FEF5D7A7E867}.Release|Any CPU.Build.0 = Release|Any CPU
		{C072A92D-5525-4E81-B131-35E351CFC459}.Debug|Any CPU.ActiveCfg = Debug|Any CPU
		{C072A92D-5525-4E81-B131-35E351CFC459}.Debug|Any CPU.Build.0 = Debug|Any CPU
		{C072A92D-5525-4E81-B131-35E351CFC459}.Release|Any CPU.ActiveCfg = Release|Any CPU
		{C072A92D-5525-4E81-B131-35E351CFC459}.Release|Any CPU.Build.0 = Release|Any CPU
		{A8D15233-631E-4103-B047-1954E87C4EF0}.Debug|Any CPU.ActiveCfg = Debug|Any CPU
		{A8D15233-631E-4103-B047-1954E87C4EF0}.Debug|Any CPU.Build.0 = Debug|Any CPU
		{A8D15233-631E-4103-B047-1954E87C4EF0}.Release|Any CPU.ActiveCfg = Release|Any CPU
		{A8D15233-631E-4103-B047-1954E87C4EF0}.Release|Any CPU.Build.0 = Release|Any CPU
	EndGlobalSection
	GlobalSection(SolutionProperties) = preSolution
		HideSolutionNode = FALSE
	EndGlobalSection
	GlobalSection(NestedProjects) = preSolution
		{A92CFF58-48F7-4092-AD33-AF515D6E00A4} = {2E3BAE22-27B6-4013-9156-22A5B3BE6899}
		{0B14CD84-0D15-40C7-A9A5-A91CA643BCE2} = {34A8C7A9-706D-404D-8F10-73223DD3EA57}
		{07D1BB7D-F882-416B-9E96-499D10DAD769} = {34A8C7A9-706D-404D-8F10-73223DD3EA57}
		{BF6A4E31-E567-4D81-B061-9BA239F0ED82} = {34A8C7A9-706D-404D-8F10-73223DD3EA57}
		{3BD9CAAB-21B6-4076-AE20-9B3FCC0F8E33} = {34A8C7A9-706D-404D-8F10-73223DD3EA57}
		{85390A32-698F-4ABA-971F-19A7704BE44A} = {34A8C7A9-706D-404D-8F10-73223DD3EA57}
		{B46F1B5D-7735-4054-B739-3E5633545C82} = {CAFBAA2D-9A34-4C98-86FB-E49C586B43CE}
		{EECF2BEF-705B-47B3-B9EF-CB67AFE3D052} = {CAFBAA2D-9A34-4C98-86FB-E49C586B43CE}
		{CB1A99C9-56C5-46DD-9F06-51797C6EC605} = {CAFBAA2D-9A34-4C98-86FB-E49C586B43CE}
		{0C90694C-53E7-4B4C-AAE8-FEF5D7A7E867} = {CAFBAA2D-9A34-4C98-86FB-E49C586B43CE}
		{C072A92D-5525-4E81-B131-35E351CFC459} = {B0B0C84B-6A43-4E1B-AB21-5345EEFCEAB4}
		{A8D15233-631E-4103-B047-1954E87C4EF0} = {B0B0C84B-6A43-4E1B-AB21-5345EEFCEAB4}
	EndGlobalSection
	GlobalSection(ExtensibilityGlobals) = postSolution
		SolutionGuid = {79387453-94CD-4809-B3F0-0BA5EAAA3615}
	EndGlobalSection
EndGlobal
