
Microsoft Visual Studio Solution File, Format Version 12.00
# Visual Studio Version 16
VisualStudioVersion = 16.0.30711.63
MinimumVisualStudioVersion = 10.0.40219.1
Project("{2150E333-8FDC-42A3-9474-1A3956D46DE8}") = "RabbitMQ", "RabbitMQ", "{25D30BF9-981A-4D10-A892-08BE9F1F12CE}"
EndProject
Project("{9A19103F-16F7-4668-BE54-9A1E7A4F7556}") = "RabbitMQ-Common", "RabbitMQ-Common\RabbitMQ-Common.csproj", "{0178AF50-7A29-4A43-BC0E-4BEB497AB132}"
EndProject
Project("{9A19103F-16F7-4668-BE54-9A1E7A4F7556}") = "RabbitMQ-Consumer", "RabbitMQ-Consumer\RabbitMQ-Consumer.csproj", "{98C77660-25AB-47B7-A64A-83F88694F719}"
EndProject
Project("{9A19103F-16F7-4668-BE54-9A1E7A4F7556}") = "RabbitMQ-Provider", "RabbitMQ-Provider\RabbitMQ-Provider.csproj", "{A89D15AD-524B-4B03-A233-E22ACAE075B1}"
EndProject
Project("{2150E333-8FDC-42A3-9474-1A3956D46DE8}") = "Redis", "Redis", "{0893460D-0B89-4DAC-9513-AAF36011BABA}"
EndProject
Project("{9A19103F-16F7-4668-BE54-9A1E7A4F7556}") = "RedisTest", "RedisTest\RedisTest.csproj", "{FEC72319-B567-4411-B01A-65BEBA3192BD}"
EndProject
Project("{9A19103F-16F7-4668-BE54-9A1E7A4F7556}") = "RedisSubscribeTxt", "RedisSubscribeTxt\RedisSubscribeTxt.csproj", "{AE87F4AC-745E-42A3-B8CC-1290238C5B43}"
EndProject
Project("{9A19103F-16F7-4668-BE54-9A1E7A4F7556}") = "RedisSubscribeDB", "RedisSubscribeDB\RedisSubscribeDB.csproj", "{AB4F9756-E11F-4D84-AC30-4C2A30F16240}"
EndProject
Project("{9A19103F-16F7-4668-BE54-9A1E7A4F7556}") = "RedisPublish", "RedisPublish\RedisPublish.csproj", "{531BF9DA-B220-413D-A46E-682FEDE857C6}"
EndProject
Project("{9A19103F-16F7-4668-BE54-9A1E7A4F7556}") = "StackExchangeRedis", "StackExchange.Redis\StackExchangeRedis.csproj", "{3F08AF80-A324-44B1-AA13-304CB68657AB}"
EndProject
Project("{2150E333-8FDC-42A3-9474-1A3956D46DE8}") = "MongoDB", "MongoDB", "{B62DC6BD-5C26-4108-BAD4-2FB981D41E58}"
EndProject
Project("{9A19103F-16F7-4668-BE54-9A1E7A4F7556}") = "MongoDBApp", "MongoDBApp\MongoDBApp.csproj", "{AB6B8779-8F08-40EE-8A8E-2C1F3A4ECDFB}"
EndProject
Project("{9A19103F-16F7-4668-BE54-9A1E7A4F7556}") = "MongoDBTest", "MongoDBTest\MongoDBTest.csproj", "{CF2E80D7-0667-49D2-8026-455E60F5B430}"
EndProject
Project("{9A19103F-16F7-4668-BE54-9A1E7A4F7556}") = "MongoDBCommon", "MongoDBCommon\MongoDBCommon.csproj", "{BF588CE8-0C87-4A0D-8AC9-2CF0DFE64339}"
EndProject
Project("{2150E333-8FDC-42A3-9474-1A3956D46DE8}") = "进程间通信", "进程间通信", "{0AB374D7-23D5-4247-A1BB-8C01442C20A2}"
EndProject
Project("{2150E333-8FDC-42A3-9474-1A3956D46DE8}") = "Pipe", "Pipe", "{D4019FB6-CA49-4342-80BE-0D8CB8DAD4F8}"
EndProject
Project("{9A19103F-16F7-4668-BE54-9A1E7A4F7556}") = "Client", "Client\Client.csproj", "{AA45FCC4-0692-4D94-8248-209586EF894A}"
EndProject
Project("{9A19103F-16F7-4668-BE54-9A1E7A4F7556}") = "Server", "Server\Server.csproj", "{695A792B-F3F5-4EF5-97A1-0E4DA9C7D576}"
EndProject
Project("{2150E333-8FDC-42A3-9474-1A3956D46DE8}") = "Swagger", "Swagger", "{41CEF92F-18B8-434E-AAAD-4F6C72E78BDB}"
EndProject
Project("{9A19103F-16F7-4668-BE54-9A1E7A4F7556}") = "XUnit.Core", "Xunit.Core\XUnit.Core.csproj", "{40F2C380-08FE-43F0-8A46-2C8DFD094026}"
EndProject
Project("{2150E333-8FDC-42A3-9474-1A3956D46DE8}") = "鉴权授权", "鉴权授权", "{651A4524-7E27-4FB1-8030-933FBB421809}"
EndProject
Project("{2150E333-8FDC-42A3-9474-1A3956D46DE8}") = "Kafka", "Kafka", "{66EDDD00-24AC-46C1-AB2F-47F47CF5F6BA}"
EndProject
Project("{9A19103F-16F7-4668-BE54-9A1E7A4F7556}") = "Kafka.Consume", "Kafka.Client\Kafka.Consume.csproj", "{12ED03D8-D461-4DBC-8317-85502A1BE8EF}"
EndProject
Project("{9A19103F-16F7-4668-BE54-9A1E7A4F7556}") = "Kafka.Produce", "Kafka.Service\Kafka.Produce.csproj", "{276C7E93-D9B0-4422-B87F-62BFC0DB5B56}"
EndProject
Project("{2150E333-8FDC-42A3-9474-1A3956D46DE8}") = "ELK", "ELK", "{976BC555-FFA6-4D65-B9FE-B87089C7E4D9}"
EndProject
Project("{9A19103F-16F7-4668-BE54-9A1E7A4F7556}") = "ELK.Logstach_File", "ELK.Logstach_File\ELK.Logstach_File.csproj", "{A78068C3-5C09-4E0A-9A87-7CCD6EA0D732}"
EndProject
Project("{9A19103F-16F7-4668-BE54-9A1E7A4F7556}") = "ELK.Logstach_TCP", "ELK.Logstach_TCP\ELK.Logstach_TCP.csproj", "{5D75C14D-4CCA-46BA-AED5-CDA92DA62937}"
EndProject
Project("{9A19103F-16F7-4668-BE54-9A1E7A4F7556}") = "ELK.Logstach_Redis", "ELK.Logstach_Redis\ELK.Logstach_Redis.csproj", "{E245ED73-11BC-48A8-B2C2-76EA7BCA7886}"
EndProject
Project("{9A19103F-16F7-4668-BE54-9A1E7A4F7556}") = "ELK.Logstach_Kafka", "ELK.Logstach_Kafka\ELK.Logstach_Kafka.csproj", "{42FB5EAA-1D1C-4A32-9CDE-A8E5F09FAD2F}"
EndProject
Project("{2150E333-8FDC-42A3-9474-1A3956D46DE8}") = "Blazor", "Blazor", "{9239F960-927E-4852-A1EC-396896DDAFD4}"
EndProject
Project("{9A19103F-16F7-4668-BE54-9A1E7A4F7556}") = "BlazorDemo.Shared", "BlazorDemo.Shared\BlazorDemo.Shared.csproj", "{EF1BD4F4-48E4-4CF6-A869-4DA8A303243C}"
EndProject
Project("{9A19103F-16F7-4668-BE54-9A1E7A4F7556}") = "BlazorDemo.Server", "BlazorDemo.Server\BlazorDemo.Server.csproj", "{8D3CF627-370F-47F8-9F5F-803C88D2CAC0}"
EndProject
Project("{9A19103F-16F7-4668-BE54-9A1E7A4F7556}") = "BlazorDemo.Client", "BlazorDemo.Client\BlazorDemo.Client.csproj", "{AF3F4830-131E-447A-A247-1CEB4216FAD8}"
EndProject
Project("{2150E333-8FDC-42A3-9474-1A3956D46DE8}") = "FastNFS", "FastNFS", "{07023D71-4372-4066-8B9B-92D5E6B69F8A}"
EndProject
Project("{9A19103F-16F7-4668-BE54-9A1E7A4F7556}") = "FastNFS.Demo", "FastNFS.Demo\FastNFS.Demo.csproj", "{E90F6910-244C-4CA5-BACD-4288322391CE}"
EndProject
Project("{2150E333-8FDC-42A3-9474-1A3956D46DE8}") = "分布式锁", "分布式锁", "{E4291788-BC07-438C-9C4B-95B083B017B7}"
EndProject
Project("{9A19103F-16F7-4668-BE54-9A1E7A4F7556}") = "LockService", "LockService\LockService.csproj", "{01ABEBBE-993F-4557-B782-0E4F6E529F6A}"
EndProject
Project("{9A19103F-16F7-4668-BE54-9A1E7A4F7556}") = "RedLockSource", "RedLockSource\RedLockSource.csproj", "{884E9C0A-9795-4C90-B1C2-39E069822DC5}"
EndProject
Project("{2150E333-8FDC-42A3-9474-1A3956D46DE8}") = "DistributedTransaction", "DistributedTransaction", "{4EE731C4-58E1-4B30-94E7-6E88C04BC6EB}"
EndProject
Project("{9A19103F-16F7-4668-BE54-9A1E7A4F7556}") = "UserService", "UserService\UserService.csproj", "{88A093F2-9979-4F3E-9DD6-E514D41A228D}"
EndProject
Project("{9A19103F-16F7-4668-BE54-9A1E7A4F7556}") = "EFModel", "EFModel\EFModel.csproj", "{0B861341-16B3-4A8F-992F-43B5BDF1FAF4}"
EndProject
Project("{9A19103F-16F7-4668-BE54-9A1E7A4F7556}") = "PaymentService", "PaymentService\PaymentService.csproj", "{3713E7C6-1B6A-4929-86B4-F099191EC59B}"
EndProject
Project("{9A19103F-16F7-4668-BE54-9A1E7A4F7556}") = "OrderService", "OrderService\OrderService.csproj", "{4E23157E-4DE2-48A2-A68B-4ECE981BB884}"
EndProject
Project("{9A19103F-16F7-4668-BE54-9A1E7A4F7556}") = "LogisticsService", "LogisticsService\LogisticsService.csproj", "{3E91EB12-86F7-45A9-9697-EDC77E290ED7}"
EndProject
Project("{9A19103F-16F7-4668-BE54-9A1E7A4F7556}") = "StorageService", "StorageService\StorageService.csproj", "{4BD2889B-13D2-492C-AB19-447B0C0F4668}"
EndProject
Project("{9A19103F-16F7-4668-BE54-9A1E7A4F7556}") = "AuthProject", "AuthProject\AuthProject.csproj", "{D204AC0C-64F2-43D4-B70E-A7037E4AB25A}"
EndProject
Project("{9A19103F-16F7-4668-BE54-9A1E7A4F7556}") = "JWT.AuthenticationCenter", "JWT.AuthenticationCenter\JWT.AuthenticationCenter.csproj", "{4177CEDE-C679-43F0-8DC2-1784E67412D9}"
EndProject
Project("{2150E333-8FDC-42A3-9474-1A3956D46DE8}") = "CommonTool", "CommonTool", "{7BF53CCD-BBA4-403B-A02C-AB750CD3FDBD}"
EndProject
Project("{9A19103F-16F7-4668-BE54-9A1E7A4F7556}") = "Common.Util", "Common.Util\Common.Util.csproj", "{93E7F564-3EA2-4A98-94F7-2255EFBBC940}"
EndProject
Project("{2150E333-8FDC-42A3-9474-1A3956D46DE8}") = "路由", "路由", "{8A5020A8-08D5-4CCD-9906-95D9E68C5BDC}"
EndProject
Project("{9A19103F-16F7-4668-BE54-9A1E7A4F7556}") = "RouteWebApp", "RouteWebApp\RouteWebApp.csproj", "{FD623280-E1CC-4726-B789-836071CE85A6}"
EndProject
Project("{2150E333-8FDC-42A3-9474-1A3956D46DE8}") = "AOP", "AOP", "{E30DFF1D-8F6E-4AB1-9801-3F14D9D33581}"
EndProject
Project("{9A19103F-16F7-4668-BE54-9A1E7A4F7556}") = "AOPFilterApp", "AOPFilterApp\AOPFilterApp.csproj", "{78B29163-BEEC-4469-99B1-3E91A4955215}"
EndProject
Project("{2150E333-8FDC-42A3-9474-1A3956D46DE8}") = "NetCore", "NetCore", "{4C98630C-66CD-468B-AB4C-510EEAABA869}"
EndProject
Project("{9A19103F-16F7-4668-BE54-9A1E7A4F7556}") = "DemoProject", "DemoProject\DemoProject.csproj", "{667AFCCD-3C0A-48E7-A071-1E3B516891AB}"
EndProject
Project("{9A19103F-16F7-4668-BE54-9A1E7A4F7556}") = "ExtendLib", "ExtendLib\ExtendLib.csproj", "{D080E6D2-659E-44AB-B603-F132834B3D22}"
EndProject
Project("{9A19103F-16F7-4668-BE54-9A1E7A4F7556}") = "IOCTestInterfaceLib", "IOCTestLib\IOCTestInterfaceLib.csproj", "{F54DDB5E-A195-4F89-A4B0-C86D663C34A5}"
EndProject
Project("{9A19103F-16F7-4668-BE54-9A1E7A4F7556}") = "IOCTestServiceLib", "IOCTestServiceLib\IOCTestServiceLib.csproj", "{5C201174-8642-4C9C-A7C1-C49B2A7B417E}"
EndProject
Project("{2150E333-8FDC-42A3-9474-1A3956D46DE8}") = "加密解密", "加密解密", "{453A73C1-23B9-4542-AFC7-957106AA37C1}"
EndProject
Project("{9A19103F-16F7-4668-BE54-9A1E7A4F7556}") = "ConsoleApp", "ConsoleApp\ConsoleApp.csproj", "{82F2D77E-EDA2-48C8-9558-ACF75111DC9D}"
EndProject
Project("{2150E333-8FDC-42A3-9474-1A3956D46DE8}") = "IdentityServer", "IdentityServer", "{57C51C21-B73A-4841-ACF1-866D8D55EABA}"
EndProject
Project("{9A19103F-16F7-4668-BE54-9A1E7A4F7556}") = "IdentityServer", "QuickStartIdentityServer\IdentityServer.csproj", "{F7B8F23F-0AC4-470E-AD68-383F09CB092B}"
EndProject
Project("{9A19103F-16F7-4668-BE54-9A1E7A4F7556}") = "ISClient", "ISClient\ISClient.csproj", "{4191FBBD-A038-44A3-A55A-33F049810712}"
EndProject
Project("{9A19103F-16F7-4668-BE54-9A1E7A4F7556}") = "ISApi", "ISApi\ISApi.csproj", "{350CE9C5-CF0A-4414-BEA7-E0255E1FAC90}"
EndProject
Project("{9A19103F-16F7-4668-BE54-9A1E7A4F7556}") = "ISMVC", "ISMVC\ISMVC.csproj", "{36F74623-220B-4D03-AC2D-D11FF4B3BBAA}"
EndProject
Project("{9A19103F-16F7-4668-BE54-9A1E7A4F7556}") = "IdentytyServerEF", "IdentytyServerEF\IdentytyServerEF.csproj", "{7666AFE9-B7A5-402F-9CEF-F2AD9C1086B9}"
EndProject
Global
	GlobalSection(SolutionConfigurationPlatforms) = preSolution
		Debug|Any CPU = Debug|Any CPU
		Release|Any CPU = Release|Any CPU
	EndGlobalSection
	GlobalSection(ProjectConfigurationPlatforms) = postSolution
		{0178AF50-7A29-4A43-BC0E-4BEB497AB132}.Debug|Any CPU.ActiveCfg = Debug|Any CPU
		{0178AF50-7A29-4A43-BC0E-4BEB497AB132}.Debug|Any CPU.Build.0 = Debug|Any CPU
		{0178AF50-7A29-4A43-BC0E-4BEB497AB132}.Release|Any CPU.ActiveCfg = Release|Any CPU
		{0178AF50-7A29-4A43-BC0E-4BEB497AB132}.Release|Any CPU.Build.0 = Release|Any CPU
		{98C77660-25AB-47B7-A64A-83F88694F719}.Debug|Any CPU.ActiveCfg = Debug|Any CPU
		{98C77660-25AB-47B7-A64A-83F88694F719}.Debug|Any CPU.Build.0 = Debug|Any CPU
		{98C77660-25AB-47B7-A64A-83F88694F719}.Release|Any CPU.ActiveCfg = Release|Any CPU
		{98C77660-25AB-47B7-A64A-83F88694F719}.Release|Any CPU.Build.0 = Release|Any CPU
		{A89D15AD-524B-4B03-A233-E22ACAE075B1}.Debug|Any CPU.ActiveCfg = Debug|Any CPU
		{A89D15AD-524B-4B03-A233-E22ACAE075B1}.Debug|Any CPU.Build.0 = Debug|Any CPU
		{A89D15AD-524B-4B03-A233-E22ACAE075B1}.Release|Any CPU.ActiveCfg = Release|Any CPU
		{A89D15AD-524B-4B03-A233-E22ACAE075B1}.Release|Any CPU.Build.0 = Release|Any CPU
		{FEC72319-B567-4411-B01A-65BEBA3192BD}.Debug|Any CPU.ActiveCfg = Debug|Any CPU
		{FEC72319-B567-4411-B01A-65BEBA3192BD}.Debug|Any CPU.Build.0 = Debug|Any CPU
		{FEC72319-B567-4411-B01A-65BEBA3192BD}.Release|Any CPU.ActiveCfg = Release|Any CPU
		{FEC72319-B567-4411-B01A-65BEBA3192BD}.Release|Any CPU.Build.0 = Release|Any CPU
		{AE87F4AC-745E-42A3-B8CC-1290238C5B43}.Debug|Any CPU.ActiveCfg = Debug|Any CPU
		{AE87F4AC-745E-42A3-B8CC-1290238C5B43}.Debug|Any CPU.Build.0 = Debug|Any CPU
		{AE87F4AC-745E-42A3-B8CC-1290238C5B43}.Release|Any CPU.ActiveCfg = Release|Any CPU
		{AE87F4AC-745E-42A3-B8CC-1290238C5B43}.Release|Any CPU.Build.0 = Release|Any CPU
		{AB4F9756-E11F-4D84-AC30-4C2A30F16240}.Debug|Any CPU.ActiveCfg = Debug|Any CPU
		{AB4F9756-E11F-4D84-AC30-4C2A30F16240}.Debug|Any CPU.Build.0 = Debug|Any CPU
		{AB4F9756-E11F-4D84-AC30-4C2A30F16240}.Release|Any CPU.ActiveCfg = Release|Any CPU
		{AB4F9756-E11F-4D84-AC30-4C2A30F16240}.Release|Any CPU.Build.0 = Release|Any CPU
		{531BF9DA-B220-413D-A46E-682FEDE857C6}.Debug|Any CPU.ActiveCfg = Debug|Any CPU
		{531BF9DA-B220-413D-A46E-682FEDE857C6}.Debug|Any CPU.Build.0 = Debug|Any CPU
		{531BF9DA-B220-413D-A46E-682FEDE857C6}.Release|Any CPU.ActiveCfg = Release|Any CPU
		{531BF9DA-B220-413D-A46E-682FEDE857C6}.Release|Any CPU.Build.0 = Release|Any CPU
		{3F08AF80-A324-44B1-AA13-304CB68657AB}.Debug|Any CPU.ActiveCfg = Debug|Any CPU
		{3F08AF80-A324-44B1-AA13-304CB68657AB}.Debug|Any CPU.Build.0 = Debug|Any CPU
		{3F08AF80-A324-44B1-AA13-304CB68657AB}.Release|Any CPU.ActiveCfg = Release|Any CPU
		{3F08AF80-A324-44B1-AA13-304CB68657AB}.Release|Any CPU.Build.0 = Release|Any CPU
		{AB6B8779-8F08-40EE-8A8E-2C1F3A4ECDFB}.Debug|Any CPU.ActiveCfg = Debug|Any CPU
		{AB6B8779-8F08-40EE-8A8E-2C1F3A4ECDFB}.Debug|Any CPU.Build.0 = Debug|Any CPU
		{AB6B8779-8F08-40EE-8A8E-2C1F3A4ECDFB}.Release|Any CPU.ActiveCfg = Release|Any CPU
		{AB6B8779-8F08-40EE-8A8E-2C1F3A4ECDFB}.Release|Any CPU.Build.0 = Release|Any CPU
		{CF2E80D7-0667-49D2-8026-455E60F5B430}.Debug|Any CPU.ActiveCfg = Debug|Any CPU
		{CF2E80D7-0667-49D2-8026-455E60F5B430}.Debug|Any CPU.Build.0 = Debug|Any CPU
		{CF2E80D7-0667-49D2-8026-455E60F5B430}.Release|Any CPU.ActiveCfg = Release|Any CPU
		{CF2E80D7-0667-49D2-8026-455E60F5B430}.Release|Any CPU.Build.0 = Release|Any CPU
		{BF588CE8-0C87-4A0D-8AC9-2CF0DFE64339}.Debug|Any CPU.ActiveCfg = Debug|Any CPU
		{BF588CE8-0C87-4A0D-8AC9-2CF0DFE64339}.Debug|Any CPU.Build.0 = Debug|Any CPU
		{BF588CE8-0C87-4A0D-8AC9-2CF0DFE64339}.Release|Any CPU.ActiveCfg = Release|Any CPU
		{BF588CE8-0C87-4A0D-8AC9-2CF0DFE64339}.Release|Any CPU.Build.0 = Release|Any CPU
		{AA45FCC4-0692-4D94-8248-209586EF894A}.Debug|Any CPU.ActiveCfg = Debug|Any CPU
		{AA45FCC4-0692-4D94-8248-209586EF894A}.Debug|Any CPU.Build.0 = Debug|Any CPU
		{AA45FCC4-0692-4D94-8248-209586EF894A}.Release|Any CPU.ActiveCfg = Release|Any CPU
		{AA45FCC4-0692-4D94-8248-209586EF894A}.Release|Any CPU.Build.0 = Release|Any CPU
		{695A792B-F3F5-4EF5-97A1-0E4DA9C7D576}.Debug|Any CPU.ActiveCfg = Debug|Any CPU
		{695A792B-F3F5-4EF5-97A1-0E4DA9C7D576}.Debug|Any CPU.Build.0 = Debug|Any CPU
		{695A792B-F3F5-4EF5-97A1-0E4DA9C7D576}.Release|Any CPU.ActiveCfg = Release|Any CPU
		{695A792B-F3F5-4EF5-97A1-0E4DA9C7D576}.Release|Any CPU.Build.0 = Release|Any CPU
		{40F2C380-08FE-43F0-8A46-2C8DFD094026}.Debug|Any CPU.ActiveCfg = Debug|Any CPU
		{40F2C380-08FE-43F0-8A46-2C8DFD094026}.Debug|Any CPU.Build.0 = Debug|Any CPU
		{40F2C380-08FE-43F0-8A46-2C8DFD094026}.Release|Any CPU.ActiveCfg = Release|Any CPU
		{40F2C380-08FE-43F0-8A46-2C8DFD094026}.Release|Any CPU.Build.0 = Release|Any CPU
		{12ED03D8-D461-4DBC-8317-85502A1BE8EF}.Debug|Any CPU.ActiveCfg = Debug|Any CPU
		{12ED03D8-D461-4DBC-8317-85502A1BE8EF}.Debug|Any CPU.Build.0 = Debug|Any CPU
		{12ED03D8-D461-4DBC-8317-85502A1BE8EF}.Release|Any CPU.ActiveCfg = Release|Any CPU
		{12ED03D8-D461-4DBC-8317-85502A1BE8EF}.Release|Any CPU.Build.0 = Release|Any CPU
		{276C7E93-D9B0-4422-B87F-62BFC0DB5B56}.Debug|Any CPU.ActiveCfg = Debug|Any CPU
		{276C7E93-D9B0-4422-B87F-62BFC0DB5B56}.Debug|Any CPU.Build.0 = Debug|Any CPU
		{276C7E93-D9B0-4422-B87F-62BFC0DB5B56}.Release|Any CPU.ActiveCfg = Release|Any CPU
		{276C7E93-D9B0-4422-B87F-62BFC0DB5B56}.Release|Any CPU.Build.0 = Release|Any CPU
		{A78068C3-5C09-4E0A-9A87-7CCD6EA0D732}.Debug|Any CPU.ActiveCfg = Debug|Any CPU
		{A78068C3-5C09-4E0A-9A87-7CCD6EA0D732}.Debug|Any CPU.Build.0 = Debug|Any CPU
		{A78068C3-5C09-4E0A-9A87-7CCD6EA0D732}.Release|Any CPU.ActiveCfg = Release|Any CPU
		{A78068C3-5C09-4E0A-9A87-7CCD6EA0D732}.Release|Any CPU.Build.0 = Release|Any CPU
		{5D75C14D-4CCA-46BA-AED5-CDA92DA62937}.Debug|Any CPU.ActiveCfg = Debug|Any CPU
		{5D75C14D-4CCA-46BA-AED5-CDA92DA62937}.Debug|Any CPU.Build.0 = Debug|Any CPU
		{5D75C14D-4CCA-46BA-AED5-CDA92DA62937}.Release|Any CPU.ActiveCfg = Release|Any CPU
		{5D75C14D-4CCA-46BA-AED5-CDA92DA62937}.Release|Any CPU.Build.0 = Release|Any CPU
		{E245ED73-11BC-48A8-B2C2-76EA7BCA7886}.Debug|Any CPU.ActiveCfg = Debug|Any CPU
		{E245ED73-11BC-48A8-B2C2-76EA7BCA7886}.Debug|Any CPU.Build.0 = Debug|Any CPU
		{E245ED73-11BC-48A8-B2C2-76EA7BCA7886}.Release|Any CPU.ActiveCfg = Release|Any CPU
		{E245ED73-11BC-48A8-B2C2-76EA7BCA7886}.Release|Any CPU.Build.0 = Release|Any CPU
		{42FB5EAA-1D1C-4A32-9CDE-A8E5F09FAD2F}.Debug|Any CPU.ActiveCfg = Debug|Any CPU
		{42FB5EAA-1D1C-4A32-9CDE-A8E5F09FAD2F}.Debug|Any CPU.Build.0 = Debug|Any CPU
		{42FB5EAA-1D1C-4A32-9CDE-A8E5F09FAD2F}.Release|Any CPU.ActiveCfg = Release|Any CPU
		{42FB5EAA-1D1C-4A32-9CDE-A8E5F09FAD2F}.Release|Any CPU.Build.0 = Release|Any CPU
		{EF1BD4F4-48E4-4CF6-A869-4DA8A303243C}.Debug|Any CPU.ActiveCfg = Debug|Any CPU
		{EF1BD4F4-48E4-4CF6-A869-4DA8A303243C}.Debug|Any CPU.Build.0 = Debug|Any CPU
		{EF1BD4F4-48E4-4CF6-A869-4DA8A303243C}.Release|Any CPU.ActiveCfg = Release|Any CPU
		{EF1BD4F4-48E4-4CF6-A869-4DA8A303243C}.Release|Any CPU.Build.0 = Release|Any CPU
		{8D3CF627-370F-47F8-9F5F-803C88D2CAC0}.Debug|Any CPU.ActiveCfg = Debug|Any CPU
		{8D3CF627-370F-47F8-9F5F-803C88D2CAC0}.Debug|Any CPU.Build.0 = Debug|Any CPU
		{8D3CF627-370F-47F8-9F5F-803C88D2CAC0}.Release|Any CPU.ActiveCfg = Release|Any CPU
		{8D3CF627-370F-47F8-9F5F-803C88D2CAC0}.Release|Any CPU.Build.0 = Release|Any CPU
		{AF3F4830-131E-447A-A247-1CEB4216FAD8}.Debug|Any CPU.ActiveCfg = Debug|Any CPU
		{AF3F4830-131E-447A-A247-1CEB4216FAD8}.Debug|Any CPU.Build.0 = Debug|Any CPU
		{AF3F4830-131E-447A-A247-1CEB4216FAD8}.Release|Any CPU.ActiveCfg = Release|Any CPU
		{AF3F4830-131E-447A-A247-1CEB4216FAD8}.Release|Any CPU.Build.0 = Release|Any CPU
		{E90F6910-244C-4CA5-BACD-4288322391CE}.Debug|Any CPU.ActiveCfg = Debug|Any CPU
		{E90F6910-244C-4CA5-BACD-4288322391CE}.Debug|Any CPU.Build.0 = Debug|Any CPU
		{E90F6910-244C-4CA5-BACD-4288322391CE}.Release|Any CPU.ActiveCfg = Release|Any CPU
		{E90F6910-244C-4CA5-BACD-4288322391CE}.Release|Any CPU.Build.0 = Release|Any CPU
		{01ABEBBE-993F-4557-B782-0E4F6E529F6A}.Debug|Any CPU.ActiveCfg = Debug|Any CPU
		{01ABEBBE-993F-4557-B782-0E4F6E529F6A}.Debug|Any CPU.Build.0 = Debug|Any CPU
		{01ABEBBE-993F-4557-B782-0E4F6E529F6A}.Release|Any CPU.ActiveCfg = Release|Any CPU
		{01ABEBBE-993F-4557-B782-0E4F6E529F6A}.Release|Any CPU.Build.0 = Release|Any CPU
		{884E9C0A-9795-4C90-B1C2-39E069822DC5}.Debug|Any CPU.ActiveCfg = Debug|Any CPU
		{884E9C0A-9795-4C90-B1C2-39E069822DC5}.Debug|Any CPU.Build.0 = Debug|Any CPU
		{884E9C0A-9795-4C90-B1C2-39E069822DC5}.Release|Any CPU.ActiveCfg = Release|Any CPU
		{884E9C0A-9795-4C90-B1C2-39E069822DC5}.Release|Any CPU.Build.0 = Release|Any CPU
		{88A093F2-9979-4F3E-9DD6-E514D41A228D}.Debug|Any CPU.ActiveCfg = Debug|Any CPU
		{88A093F2-9979-4F3E-9DD6-E514D41A228D}.Debug|Any CPU.Build.0 = Debug|Any CPU
		{88A093F2-9979-4F3E-9DD6-E514D41A228D}.Release|Any CPU.ActiveCfg = Release|Any CPU
		{88A093F2-9979-4F3E-9DD6-E514D41A228D}.Release|Any CPU.Build.0 = Release|Any CPU
		{0B861341-16B3-4A8F-992F-43B5BDF1FAF4}.Debug|Any CPU.ActiveCfg = Debug|Any CPU
		{0B861341-16B3-4A8F-992F-43B5BDF1FAF4}.Debug|Any CPU.Build.0 = Debug|Any CPU
		{0B861341-16B3-4A8F-992F-43B5BDF1FAF4}.Release|Any CPU.ActiveCfg = Release|Any CPU
		{0B861341-16B3-4A8F-992F-43B5BDF1FAF4}.Release|Any CPU.Build.0 = Release|Any CPU
		{3713E7C6-1B6A-4929-86B4-F099191EC59B}.Debug|Any CPU.ActiveCfg = Debug|Any CPU
		{3713E7C6-1B6A-4929-86B4-F099191EC59B}.Debug|Any CPU.Build.0 = Debug|Any CPU
		{3713E7C6-1B6A-4929-86B4-F099191EC59B}.Release|Any CPU.ActiveCfg = Release|Any CPU
		{3713E7C6-1B6A-4929-86B4-F099191EC59B}.Release|Any CPU.Build.0 = Release|Any CPU
		{4E23157E-4DE2-48A2-A68B-4ECE981BB884}.Debug|Any CPU.ActiveCfg = Debug|Any CPU
		{4E23157E-4DE2-48A2-A68B-4ECE981BB884}.Debug|Any CPU.Build.0 = Debug|Any CPU
		{4E23157E-4DE2-48A2-A68B-4ECE981BB884}.Release|Any CPU.ActiveCfg = Release|Any CPU
		{4E23157E-4DE2-48A2-A68B-4ECE981BB884}.Release|Any CPU.Build.0 = Release|Any CPU
		{3E91EB12-86F7-45A9-9697-EDC77E290ED7}.Debug|Any CPU.ActiveCfg = Debug|Any CPU
		{3E91EB12-86F7-45A9-9697-EDC77E290ED7}.Debug|Any CPU.Build.0 = Debug|Any CPU
		{3E91EB12-86F7-45A9-9697-EDC77E290ED7}.Release|Any CPU.ActiveCfg = Release|Any CPU
		{3E91EB12-86F7-45A9-9697-EDC77E290ED7}.Release|Any CPU.Build.0 = Release|Any CPU
		{4BD2889B-13D2-492C-AB19-447B0C0F4668}.Debug|Any CPU.ActiveCfg = Debug|Any CPU
		{4BD2889B-13D2-492C-AB19-447B0C0F4668}.Debug|Any CPU.Build.0 = Debug|Any CPU
		{4BD2889B-13D2-492C-AB19-447B0C0F4668}.Release|Any CPU.ActiveCfg = Release|Any CPU
		{4BD2889B-13D2-492C-AB19-447B0C0F4668}.Release|Any CPU.Build.0 = Release|Any CPU
		{D204AC0C-64F2-43D4-B70E-A7037E4AB25A}.Debug|Any CPU.ActiveCfg = Debug|Any CPU
		{D204AC0C-64F2-43D4-B70E-A7037E4AB25A}.Debug|Any CPU.Build.0 = Debug|Any CPU
		{D204AC0C-64F2-43D4-B70E-A7037E4AB25A}.Release|Any CPU.ActiveCfg = Release|Any CPU
		{D204AC0C-64F2-43D4-B70E-A7037E4AB25A}.Release|Any CPU.Build.0 = Release|Any CPU
		{4177CEDE-C679-43F0-8DC2-1784E67412D9}.Debug|Any CPU.ActiveCfg = Debug|Any CPU
		{4177CEDE-C679-43F0-8DC2-1784E67412D9}.Debug|Any CPU.Build.0 = Debug|Any CPU
		{4177CEDE-C679-43F0-8DC2-1784E67412D9}.Release|Any CPU.ActiveCfg = Release|Any CPU
		{4177CEDE-C679-43F0-8DC2-1784E67412D9}.Release|Any CPU.Build.0 = Release|Any CPU
		{93E7F564-3EA2-4A98-94F7-2255EFBBC940}.Debug|Any CPU.ActiveCfg = Debug|Any CPU
		{93E7F564-3EA2-4A98-94F7-2255EFBBC940}.Debug|Any CPU.Build.0 = Debug|Any CPU
		{93E7F564-3EA2-4A98-94F7-2255EFBBC940}.Release|Any CPU.ActiveCfg = Release|Any CPU
		{93E7F564-3EA2-4A98-94F7-2255EFBBC940}.Release|Any CPU.Build.0 = Release|Any CPU
		{FD623280-E1CC-4726-B789-836071CE85A6}.Debug|Any CPU.ActiveCfg = Debug|Any CPU
		{FD623280-E1CC-4726-B789-836071CE85A6}.Debug|Any CPU.Build.0 = Debug|Any CPU
		{FD623280-E1CC-4726-B789-836071CE85A6}.Release|Any CPU.ActiveCfg = Release|Any CPU
		{FD623280-E1CC-4726-B789-836071CE85A6}.Release|Any CPU.Build.0 = Release|Any CPU
		{78B29163-BEEC-4469-99B1-3E91A4955215}.Debug|Any CPU.ActiveCfg = Debug|Any CPU
		{78B29163-BEEC-4469-99B1-3E91A4955215}.Debug|Any CPU.Build.0 = Debug|Any CPU
		{78B29163-BEEC-4469-99B1-3E91A4955215}.Release|Any CPU.ActiveCfg = Release|Any CPU
		{78B29163-BEEC-4469-99B1-3E91A4955215}.Release|Any CPU.Build.0 = Release|Any CPU
		{667AFCCD-3C0A-48E7-A071-1E3B516891AB}.Debug|Any CPU.ActiveCfg = Debug|Any CPU
		{667AFCCD-3C0A-48E7-A071-1E3B516891AB}.Debug|Any CPU.Build.0 = Debug|Any CPU
		{667AFCCD-3C0A-48E7-A071-1E3B516891AB}.Release|Any CPU.ActiveCfg = Release|Any CPU
		{667AFCCD-3C0A-48E7-A071-1E3B516891AB}.Release|Any CPU.Build.0 = Release|Any CPU
		{D080E6D2-659E-44AB-B603-F132834B3D22}.Debug|Any CPU.ActiveCfg = Debug|Any CPU
		{D080E6D2-659E-44AB-B603-F132834B3D22}.Debug|Any CPU.Build.0 = Debug|Any CPU
		{D080E6D2-659E-44AB-B603-F132834B3D22}.Release|Any CPU.ActiveCfg = Release|Any CPU
		{D080E6D2-659E-44AB-B603-F132834B3D22}.Release|Any CPU.Build.0 = Release|Any CPU
		{F54DDB5E-A195-4F89-A4B0-C86D663C34A5}.Debug|Any CPU.ActiveCfg = Debug|Any CPU
		{F54DDB5E-A195-4F89-A4B0-C86D663C34A5}.Debug|Any CPU.Build.0 = Debug|Any CPU
		{F54DDB5E-A195-4F89-A4B0-C86D663C34A5}.Release|Any CPU.ActiveCfg = Release|Any CPU
		{F54DDB5E-A195-4F89-A4B0-C86D663C34A5}.Release|Any CPU.Build.0 = Release|Any CPU
		{5C201174-8642-4C9C-A7C1-C49B2A7B417E}.Debug|Any CPU.ActiveCfg = Debug|Any CPU
		{5C201174-8642-4C9C-A7C1-C49B2A7B417E}.Debug|Any CPU.Build.0 = Debug|Any CPU
		{5C201174-8642-4C9C-A7C1-C49B2A7B417E}.Release|Any CPU.ActiveCfg = Release|Any CPU
		{5C201174-8642-4C9C-A7C1-C49B2A7B417E}.Release|Any CPU.Build.0 = Release|Any CPU
		{82F2D77E-EDA2-48C8-9558-ACF75111DC9D}.Debug|Any CPU.ActiveCfg = Debug|Any CPU
		{82F2D77E-EDA2-48C8-9558-ACF75111DC9D}.Debug|Any CPU.Build.0 = Debug|Any CPU
		{82F2D77E-EDA2-48C8-9558-ACF75111DC9D}.Release|Any CPU.ActiveCfg = Release|Any CPU
		{82F2D77E-EDA2-48C8-9558-ACF75111DC9D}.Release|Any CPU.Build.0 = Release|Any CPU
		{F7B8F23F-0AC4-470E-AD68-383F09CB092B}.Debug|Any CPU.ActiveCfg = Debug|Any CPU
		{F7B8F23F-0AC4-470E-AD68-383F09CB092B}.Debug|Any CPU.Build.0 = Debug|Any CPU
		{F7B8F23F-0AC4-470E-AD68-383F09CB092B}.Release|Any CPU.ActiveCfg = Release|Any CPU
		{F7B8F23F-0AC4-470E-AD68-383F09CB092B}.Release|Any CPU.Build.0 = Release|Any CPU
		{4191FBBD-A038-44A3-A55A-33F049810712}.Debug|Any CPU.ActiveCfg = Debug|Any CPU
		{4191FBBD-A038-44A3-A55A-33F049810712}.Debug|Any CPU.Build.0 = Debug|Any CPU
		{4191FBBD-A038-44A3-A55A-33F049810712}.Release|Any CPU.ActiveCfg = Release|Any CPU
		{4191FBBD-A038-44A3-A55A-33F049810712}.Release|Any CPU.Build.0 = Release|Any CPU
		{350CE9C5-CF0A-4414-BEA7-E0255E1FAC90}.Debug|Any CPU.ActiveCfg = Debug|Any CPU
		{350CE9C5-CF0A-4414-BEA7-E0255E1FAC90}.Debug|Any CPU.Build.0 = Debug|Any CPU
		{350CE9C5-CF0A-4414-BEA7-E0255E1FAC90}.Release|Any CPU.ActiveCfg = Release|Any CPU
		{350CE9C5-CF0A-4414-BEA7-E0255E1FAC90}.Release|Any CPU.Build.0 = Release|Any CPU
		{36F74623-220B-4D03-AC2D-D11FF4B3BBAA}.Debug|Any CPU.ActiveCfg = Debug|Any CPU
		{36F74623-220B-4D03-AC2D-D11FF4B3BBAA}.Debug|Any CPU.Build.0 = Debug|Any CPU
		{36F74623-220B-4D03-AC2D-D11FF4B3BBAA}.Release|Any CPU.ActiveCfg = Release|Any CPU
		{36F74623-220B-4D03-AC2D-D11FF4B3BBAA}.Release|Any CPU.Build.0 = Release|Any CPU
		{7666AFE9-B7A5-402F-9CEF-F2AD9C1086B9}.Debug|Any CPU.ActiveCfg = Debug|Any CPU
		{7666AFE9-B7A5-402F-9CEF-F2AD9C1086B9}.Debug|Any CPU.Build.0 = Debug|Any CPU
		{7666AFE9-B7A5-402F-9CEF-F2AD9C1086B9}.Release|Any CPU.ActiveCfg = Release|Any CPU
		{7666AFE9-B7A5-402F-9CEF-F2AD9C1086B9}.Release|Any CPU.Build.0 = Release|Any CPU
	EndGlobalSection
	GlobalSection(SolutionProperties) = preSolution
		HideSolutionNode = FALSE
	EndGlobalSection
	GlobalSection(NestedProjects) = preSolution
		{0178AF50-7A29-4A43-BC0E-4BEB497AB132} = {25D30BF9-981A-4D10-A892-08BE9F1F12CE}
		{98C77660-25AB-47B7-A64A-83F88694F719} = {25D30BF9-981A-4D10-A892-08BE9F1F12CE}
		{A89D15AD-524B-4B03-A233-E22ACAE075B1} = {25D30BF9-981A-4D10-A892-08BE9F1F12CE}
		{FEC72319-B567-4411-B01A-65BEBA3192BD} = {0893460D-0B89-4DAC-9513-AAF36011BABA}
		{AE87F4AC-745E-42A3-B8CC-1290238C5B43} = {0893460D-0B89-4DAC-9513-AAF36011BABA}
		{AB4F9756-E11F-4D84-AC30-4C2A30F16240} = {0893460D-0B89-4DAC-9513-AAF36011BABA}
		{531BF9DA-B220-413D-A46E-682FEDE857C6} = {0893460D-0B89-4DAC-9513-AAF36011BABA}
		{3F08AF80-A324-44B1-AA13-304CB68657AB} = {0893460D-0B89-4DAC-9513-AAF36011BABA}
		{AB6B8779-8F08-40EE-8A8E-2C1F3A4ECDFB} = {B62DC6BD-5C26-4108-BAD4-2FB981D41E58}
		{CF2E80D7-0667-49D2-8026-455E60F5B430} = {B62DC6BD-5C26-4108-BAD4-2FB981D41E58}
		{BF588CE8-0C87-4A0D-8AC9-2CF0DFE64339} = {B62DC6BD-5C26-4108-BAD4-2FB981D41E58}
		{D4019FB6-CA49-4342-80BE-0D8CB8DAD4F8} = {0AB374D7-23D5-4247-A1BB-8C01442C20A2}
		{AA45FCC4-0692-4D94-8248-209586EF894A} = {D4019FB6-CA49-4342-80BE-0D8CB8DAD4F8}
		{695A792B-F3F5-4EF5-97A1-0E4DA9C7D576} = {D4019FB6-CA49-4342-80BE-0D8CB8DAD4F8}
		{40F2C380-08FE-43F0-8A46-2C8DFD094026} = {41CEF92F-18B8-434E-AAAD-4F6C72E78BDB}
		{651A4524-7E27-4FB1-8030-933FBB421809} = {4C98630C-66CD-468B-AB4C-510EEAABA869}
		{12ED03D8-D461-4DBC-8317-85502A1BE8EF} = {66EDDD00-24AC-46C1-AB2F-47F47CF5F6BA}
		{276C7E93-D9B0-4422-B87F-62BFC0DB5B56} = {66EDDD00-24AC-46C1-AB2F-47F47CF5F6BA}
		{A78068C3-5C09-4E0A-9A87-7CCD6EA0D732} = {976BC555-FFA6-4D65-B9FE-B87089C7E4D9}
		{5D75C14D-4CCA-46BA-AED5-CDA92DA62937} = {976BC555-FFA6-4D65-B9FE-B87089C7E4D9}
		{E245ED73-11BC-48A8-B2C2-76EA7BCA7886} = {976BC555-FFA6-4D65-B9FE-B87089C7E4D9}
		{42FB5EAA-1D1C-4A32-9CDE-A8E5F09FAD2F} = {976BC555-FFA6-4D65-B9FE-B87089C7E4D9}
		{EF1BD4F4-48E4-4CF6-A869-4DA8A303243C} = {9239F960-927E-4852-A1EC-396896DDAFD4}
		{8D3CF627-370F-47F8-9F5F-803C88D2CAC0} = {9239F960-927E-4852-A1EC-396896DDAFD4}
		{AF3F4830-131E-447A-A247-1CEB4216FAD8} = {9239F960-927E-4852-A1EC-396896DDAFD4}
		{E90F6910-244C-4CA5-BACD-4288322391CE} = {07023D71-4372-4066-8B9B-92D5E6B69F8A}
		{01ABEBBE-993F-4557-B782-0E4F6E529F6A} = {E4291788-BC07-438C-9C4B-95B083B017B7}
		{884E9C0A-9795-4C90-B1C2-39E069822DC5} = {E4291788-BC07-438C-9C4B-95B083B017B7}
		{88A093F2-9979-4F3E-9DD6-E514D41A228D} = {4EE731C4-58E1-4B30-94E7-6E88C04BC6EB}
		{0B861341-16B3-4A8F-992F-43B5BDF1FAF4} = {4EE731C4-58E1-4B30-94E7-6E88C04BC6EB}
		{3713E7C6-1B6A-4929-86B4-F099191EC59B} = {4EE731C4-58E1-4B30-94E7-6E88C04BC6EB}
		{4E23157E-4DE2-48A2-A68B-4ECE981BB884} = {4EE731C4-58E1-4B30-94E7-6E88C04BC6EB}
		{3E91EB12-86F7-45A9-9697-EDC77E290ED7} = {4EE731C4-58E1-4B30-94E7-6E88C04BC6EB}
		{4BD2889B-13D2-492C-AB19-447B0C0F4668} = {4EE731C4-58E1-4B30-94E7-6E88C04BC6EB}
		{D204AC0C-64F2-43D4-B70E-A7037E4AB25A} = {651A4524-7E27-4FB1-8030-933FBB421809}
		{4177CEDE-C679-43F0-8DC2-1784E67412D9} = {4C98630C-66CD-468B-AB4C-510EEAABA869}
		{93E7F564-3EA2-4A98-94F7-2255EFBBC940} = {7BF53CCD-BBA4-403B-A02C-AB750CD3FDBD}
		{FD623280-E1CC-4726-B789-836071CE85A6} = {8A5020A8-08D5-4CCD-9906-95D9E68C5BDC}
		{E30DFF1D-8F6E-4AB1-9801-3F14D9D33581} = {4C98630C-66CD-468B-AB4C-510EEAABA869}
		{78B29163-BEEC-4469-99B1-3E91A4955215} = {E30DFF1D-8F6E-4AB1-9801-3F14D9D33581}
		{667AFCCD-3C0A-48E7-A071-1E3B516891AB} = {4C98630C-66CD-468B-AB4C-510EEAABA869}
		{D080E6D2-659E-44AB-B603-F132834B3D22} = {4C98630C-66CD-468B-AB4C-510EEAABA869}
		{F54DDB5E-A195-4F89-A4B0-C86D663C34A5} = {4C98630C-66CD-468B-AB4C-510EEAABA869}
		{5C201174-8642-4C9C-A7C1-C49B2A7B417E} = {4C98630C-66CD-468B-AB4C-510EEAABA869}
		{82F2D77E-EDA2-48C8-9558-ACF75111DC9D} = {453A73C1-23B9-4542-AFC7-957106AA37C1}
		{F7B8F23F-0AC4-470E-AD68-383F09CB092B} = {57C51C21-B73A-4841-ACF1-866D8D55EABA}
		{4191FBBD-A038-44A3-A55A-33F049810712} = {57C51C21-B73A-4841-ACF1-866D8D55EABA}
		{350CE9C5-CF0A-4414-BEA7-E0255E1FAC90} = {57C51C21-B73A-4841-ACF1-866D8D55EABA}
		{36F74623-220B-4D03-AC2D-D11FF4B3BBAA} = {57C51C21-B73A-4841-ACF1-866D8D55EABA}
		{7666AFE9-B7A5-402F-9CEF-F2AD9C1086B9} = {57C51C21-B73A-4841-ACF1-866D8D55EABA}
	EndGlobalSection
	GlobalSection(ExtensibilityGlobals) = postSolution
		SolutionGuid = {7E09A6CA-0E04-4354-9285-08944E6062BB}
	EndGlobalSection
EndGlobal
